github.com/magefile/mage v0.0.0-20180411170307-771ebed3d686 h1:DP0e1KyfOAz6Sr1QIBWKBp/sNmEcHx4q4Z0nNpT5UzE=
github.com/magefile/mage v0.0.0-20180411170307-771ebed3d686/go.mod h1:IUDi13rsHje59lecXokTfGX0QIzO45uVPlXnJYsXepA=
github.com/mjibson/esc v0.1.0 h1:5ch+murgrcwDFLOE2hwj0f7kE4xJfJhkSCAjSLY182o=
github.com/mjibson/esc v0.1.0/go.mod h1:9Hw9gxxfHulMF5OJKCyhYD7PzlSdhzXyaGEBRPH1OPs=
